schema: '2.0'
stages:
  predictions:
    cmd: python src/predictions.py data/to_process data/to_validate
    deps:
    - path: data/to_process
      hash: md5
      md5: fe7642b4b2991aff030461c733aa8f40.dir
      size: 273819
      nfiles: 5
    - path: src/predictions.py
      hash: md5
      md5: ca7a5cc7aaf044d08ad6f3a939f5b630
      size: 960
    outs:
    - path: data/to_validate
      hash: md5
      md5: bb8f71fec359c90b25d9dcf67c346983.dir
      size: 257578
      nfiles: 1
  evaluation:
    cmd: python src/evaluation.py data/to_validate
    deps:
    - path: data/to_validate
      hash: md5
      md5: bb8f71fec359c90b25d9dcf67c346983.dir
      size: 257578
      nfiles: 1
    - path: src/evaluation.py
      hash: md5
      md5: 51853be06719e5f409d7ff479382791c
      size: 4548
    params:
      params.yaml:
        EVALUATION.BETA.negative: 2
        EVALUATION.BETA.neutral: 1
        EVALUATION.BETA.positive: 0.5
